PODS:
  - AFNetworking (3.1.0):
    - AFNetworking/NSURLSession (= 3.1.0)
    - AFNetworking/Reachability (= 3.1.0)
    - AFNetworking/Security (= 3.1.0)
    - AFNetworking/Serialization (= 3.1.0)
    - AFNetworking/UIKit (= 3.1.0)
  - AFNetworking/NSURLSession (3.1.0):
    - AFNetworking/Reachability
    - AFNetworking/Security
    - AFNetworking/Serialization
  - AFNetworking/Reachability (3.1.0)
  - AFNetworking/Security (3.1.0)
  - AFNetworking/Serialization (3.1.0)
  - AFNetworking/UIKit (3.1.0):
    - AFNetworking/NSURLSession
  - APLfm (0.2.6):
    - AFNetworking (~> 3.0)
    - CryptoSwift
  - CryptoSwift (0.4.1)
  - EZAudio (1.1.5):
    - EZAudio/Full (= 1.1.5)
  - EZAudio/Core (1.1.5)
  - EZAudio/Full (1.1.5):
    - EZAudio/Core
    - TPCircularBuffer (= 1.1)
  - HUMSlider (1.1.0)
  - TPCircularBuffer (1.1)

DEPENDENCIES:
  - AFNetworking (~> 3.0)
  - APLfm (from `https://github.com/petrusalin/APLfm.git`)
  - CryptoSwift (from `https://github.com/krzyzanowskim/CryptoSwift`, branch `master`)
  - EZAudio (~> 1.1.4)
  - HUMSlider (~> 1.0)

EXTERNAL SOURCES:
  APLfm:
    :git: https://github.com/petrusalin/APLfm.git
  CryptoSwift:
    :branch: master
    :git: https://github.com/krzyzanowskim/CryptoSwift

CHECKOUT OPTIONS:
  APLfm:
    :commit: c91543df32e9ffa289dfb52a53869b291c65feed
    :git: https://github.com/petrusalin/APLfm.git
  CryptoSwift:
    :commit: 2541799df3f40693aa3f635e73fc48889866fa12
    :git: https://github.com/krzyzanowskim/CryptoSwift

SPEC CHECKSUMS:
  AFNetworking: 5e0e199f73d8626b11e79750991f5d173d1f8b67
  APLfm: a7749205bc7b7e49bb186b304a52958610557746
  CryptoSwift: 25b5aff3f260967391f8fff2e9abe4254d2c6fd5
  EZAudio: 3b1cb4b6d7ebca68f0c2478576d75940aad4aa99
  HUMSlider: 02b165c6be569b2cf87626fcc371a7420425efcf
  TPCircularBuffer: 4960a919e667280f7f38963d771f45871b64fe62

COCOAPODS: 0.39.0
